// !$*UTF8*$!
{
	archiveVersion = 1;
	classes = {
	};
	objectVersion = 56;
	objects = {

/* Begin PBXBuildFile section */
		A62F66FE2A2F9F9D002CFB99 /* CoreData.xcdatamodeld in Sources */ = {isa = PBXBuildFile; fileRef = A62F66FC2A2F9F9D002CFB99 /* CoreData.xcdatamodeld */; };
		A62F67002A2FA004002CFB99 /* DataController.swift in Sources */ = {isa = PBXBuildFile; fileRef = A62F66FF2A2FA004002CFB99 /* DataController.swift */; };
		A62F67622A5F0130002CFB99 /* SetView.swift in Sources */ = {isa = PBXBuildFile; fileRef = A62F67612A5F0130002CFB99 /* SetView.swift */; };
		A6578E7B2A6587980095F89B /* FlashCardData+CoreDataClass.swift in Sources */ = {isa = PBXBuildFile; fileRef = A6578E792A6587980095F89B /* FlashCardData+CoreDataClass.swift */; };
		A6578E7C2A6587980095F89B /* FlashCardData+CoreDataProperties.swift in Sources */ = {isa = PBXBuildFile; fileRef = A6578E7A2A6587980095F89B /* FlashCardData+CoreDataProperties.swift */; };
		A6578E7F2A65F70C0095F89B /* Sign Up.swift in Sources */ = {isa = PBXBuildFile; fileRef = A6578E7E2A65F70C0095F89B /* Sign Up.swift */; };
		A6581E3C29FE2184004D03B6 /* Flashy_AppApp.swift in Sources */ = {isa = PBXBuildFile; fileRef = A6581E3B29FE2184004D03B6 /* Flashy_AppApp.swift */; };
		A6581E3E29FE2184004D03B6 /* ContentView.swift in Sources */ = {isa = PBXBuildFile; fileRef = A6581E3D29FE2184004D03B6 /* ContentView.swift */; };
		A6581E4029FE2186004D03B6 /* Assets.xcassets in Resources */ = {isa = PBXBuildFile; fileRef = A6581E3F29FE2186004D03B6 /* Assets.xcassets */; };
		A6581E4429FE2186004D03B6 /* Preview Assets.xcassets in Resources */ = {isa = PBXBuildFile; fileRef = A6581E4329FE2186004D03B6 /* Preview Assets.xcassets */; };
		A6581E4E29FE2186004D03B6 /* Flashy_AppTests.swift in Sources */ = {isa = PBXBuildFile; fileRef = A6581E4D29FE2186004D03B6 /* Flashy_AppTests.swift */; };
		A6581E5829FE2186004D03B6 /* Flashy_AppUITests.swift in Sources */ = {isa = PBXBuildFile; fileRef = A6581E5729FE2186004D03B6 /* Flashy_AppUITests.swift */; };
		A6581E5A29FE2186004D03B6 /* Flashy_AppUITestsLaunchTests.swift in Sources */ = {isa = PBXBuildFile; fileRef = A6581E5929FE2186004D03B6 /* Flashy_AppUITestsLaunchTests.swift */; };
		A6581E6D29FE2207004D03B6 /* NewHomeView.swift in Sources */ = {isa = PBXBuildFile; fileRef = A6581E6C29FE2206004D03B6 /* NewHomeView.swift */; };
		A6581E7129FE2237004D03B6 /* TermDefinitionViewModel.swift in Sources */ = {isa = PBXBuildFile; fileRef = A6581E7029FE2237004D03B6 /* TermDefinitionViewModel.swift */; };
		A6581E7829FE228C004D03B6 /* BundleExtension.swift in Sources */ = {isa = PBXBuildFile; fileRef = A6581E7729FE228C004D03B6 /* BundleExtension.swift */; };
		A6581E7C29FE22C8004D03B6 /* CustomTabBar.swift in Sources */ = {isa = PBXBuildFile; fileRef = A6581E7B29FE22C7004D03B6 /* CustomTabBar.swift */; };
		A6581E7E29FE22EA004D03B6 /* DiceView.swift in Sources */ = {isa = PBXBuildFile; fileRef = A6581E7D29FE22EA004D03B6 /* DiceView.swift */; };
		A6581E8129FE2350004D03B6 /* UpNavView.swift in Sources */ = {isa = PBXBuildFile; fileRef = A6581E8029FE2350004D03B6 /* UpNavView.swift */; };
		A6581E8329FE2370004D03B6 /* SearchbarView.swift in Sources */ = {isa = PBXBuildFile; fileRef = A6581E8229FE2370004D03B6 /* SearchbarView.swift */; };
		A6581E8529FE2383004D03B6 /* ProfileView.swift in Sources */ = {isa = PBXBuildFile; fileRef = A6581E8429FE2383004D03B6 /* ProfileView.swift */; };
		A6581E8729FE23AE004D03B6 /* TermDefinitionView.swift in Sources */ = {isa = PBXBuildFile; fileRef = A6581E8629FE23AE004D03B6 /* TermDefinitionView.swift */; };
		A6581F042A13007D004D03B6 /* Flashcard.swift in Sources */ = {isa = PBXBuildFile; fileRef = A6581F032A13007D004D03B6 /* Flashcard.swift */; };
		A6581F062A130093004D03B6 /* FlashCardView.swift in Sources */ = {isa = PBXBuildFile; fileRef = A6581F052A130093004D03B6 /* FlashCardView.swift */; };
		A6581F0A2A1304E3004D03B6 /* FlashCardViewModel.swift in Sources */ = {isa = PBXBuildFile; fileRef = A6581F092A1304E3004D03B6 /* FlashCardViewModel.swift */; };
		A6581F0C2A144EED004D03B6 /* FlashCardsView.swift in Sources */ = {isa = PBXBuildFile; fileRef = A6581F0B2A144EED004D03B6 /* FlashCardsView.swift */; };
/* End PBXBuildFile section */

/* Begin PBXContainerItemProxy section */
		A6581E4A29FE2186004D03B6 /* PBXContainerItemProxy */ = {
			isa = PBXContainerItemProxy;
			containerPortal = A6581E3029FE2184004D03B6 /* Project object */;
			proxyType = 1;
			remoteGlobalIDString = A6581E3729FE2184004D03B6;
			remoteInfo = Flashy_App;
		};
		A6581E5429FE2186004D03B6 /* PBXContainerItemProxy */ = {
			isa = PBXContainerItemProxy;
			containerPortal = A6581E3029FE2184004D03B6 /* Project object */;
			proxyType = 1;
			remoteGlobalIDString = A6581E3729FE2184004D03B6;
			remoteInfo = Flashy_App;
		};
/* End PBXContainerItemProxy section */

/* Begin PBXFileReference section */
		A62F66FD2A2F9F9D002CFB99 /* CoreData.xcdatamodel */ = {isa = PBXFileReference; lastKnownFileType = wrapper.xcdatamodel; path = CoreData.xcdatamodel; sourceTree = "<group>"; };
		A62F66FF2A2FA004002CFB99 /* DataController.swift */ = {isa = PBXFileReference; lastKnownFileType = sourcecode.swift; path = DataController.swift; sourceTree = "<group>"; };
		A62F67612A5F0130002CFB99 /* SetView.swift */ = {isa = PBXFileReference; lastKnownFileType = sourcecode.swift; path = SetView.swift; sourceTree = "<group>"; };
		A6578E792A6587980095F89B /* FlashCardData+CoreDataClass.swift */ = {isa = PBXFileReference; lastKnownFileType = sourcecode.swift; name = "FlashCardData+CoreDataClass.swift"; path = "Flashy_App/Core data/FlashCardData+CoreDataClass.swift"; sourceTree = "<group>"; };
		A6578E7A2A6587980095F89B /* FlashCardData+CoreDataProperties.swift */ = {isa = PBXFileReference; lastKnownFileType = sourcecode.swift; name = "FlashCardData+CoreDataProperties.swift"; path = "Flashy_App/Core data/FlashCardData+CoreDataProperties.swift"; sourceTree = "<group>"; };
		A6578E7E2A65F70C0095F89B /* Sign Up.swift */ = {isa = PBXFileReference; lastKnownFileType = sourcecode.swift; path = "Sign Up.swift"; sourceTree = "<group>"; };
		A6581E3829FE2184004D03B6 /* Flashy_App.app */ = {isa = PBXFileReference; explicitFileType = wrapper.application; includeInIndex = 0; path = Flashy_App.app; sourceTree = BUILT_PRODUCTS_DIR; };
		A6581E3B29FE2184004D03B6 /* Flashy_AppApp.swift */ = {isa = PBXFileReference; lastKnownFileType = sourcecode.swift; path = Flashy_AppApp.swift; sourceTree = "<group>"; };
		A6581E3D29FE2184004D03B6 /* ContentView.swift */ = {isa = PBXFileReference; lastKnownFileType = sourcecode.swift; path = ContentView.swift; sourceTree = "<group>"; };
		A6581E3F29FE2186004D03B6 /* Assets.xcassets */ = {isa = PBXFileReference; lastKnownFileType = folder.assetcatalog; path = Assets.xcassets; sourceTree = "<group>"; };
		A6581E4129FE2186004D03B6 /* Flashy_App.entitlements */ = {isa = PBXFileReference; lastKnownFileType = text.plist.entitlements; path = Flashy_App.entitlements; sourceTree = "<group>"; };
		A6581E4329FE2186004D03B6 /* Preview Assets.xcassets */ = {isa = PBXFileReference; lastKnownFileType = folder.assetcatalog; path = "Preview Assets.xcassets"; sourceTree = "<group>"; };
		A6581E4929FE2186004D03B6 /* Flashy_AppTests.xctest */ = {isa = PBXFileReference; explicitFileType = wrapper.cfbundle; includeInIndex = 0; path = Flashy_AppTests.xctest; sourceTree = BUILT_PRODUCTS_DIR; };
		A6581E4D29FE2186004D03B6 /* Flashy_AppTests.swift */ = {isa = PBXFileReference; lastKnownFileType = sourcecode.swift; path = Flashy_AppTests.swift; sourceTree = "<group>"; };
		A6581E5329FE2186004D03B6 /* Flashy_AppUITests.xctest */ = {isa = PBXFileReference; explicitFileType = wrapper.cfbundle; includeInIndex = 0; path = Flashy_AppUITests.xctest; sourceTree = BUILT_PRODUCTS_DIR; };
		A6581E5729FE2186004D03B6 /* Flashy_AppUITests.swift */ = {isa = PBXFileReference; lastKnownFileType = sourcecode.swift; path = Flashy_AppUITests.swift; sourceTree = "<group>"; };
		A6581E5929FE2186004D03B6 /* Flashy_AppUITestsLaunchTests.swift */ = {isa = PBXFileReference; lastKnownFileType = sourcecode.swift; path = Flashy_AppUITestsLaunchTests.swift; sourceTree = "<group>"; };
		A6581E6C29FE2206004D03B6 /* NewHomeView.swift */ = {isa = PBXFileReference; lastKnownFileType = sourcecode.swift; path = NewHomeView.swift; sourceTree = "<group>"; };
		A6581E7029FE2237004D03B6 /* TermDefinitionViewModel.swift */ = {isa = PBXFileReference; lastKnownFileType = sourcecode.swift; path = TermDefinitionViewModel.swift; sourceTree = "<group>"; };
		A6581E7729FE228C004D03B6 /* BundleExtension.swift */ = {isa = PBXFileReference; lastKnownFileType = sourcecode.swift; path = BundleExtension.swift; sourceTree = "<group>"; };
		A6581E7B29FE22C7004D03B6 /* CustomTabBar.swift */ = {isa = PBXFileReference; lastKnownFileType = sourcecode.swift; path = CustomTabBar.swift; sourceTree = "<group>"; };
		A6581E7D29FE22EA004D03B6 /* DiceView.swift */ = {isa = PBXFileReference; lastKnownFileType = sourcecode.swift; path = DiceView.swift; sourceTree = "<group>"; };
		A6581E8029FE2350004D03B6 /* UpNavView.swift */ = {isa = PBXFileReference; lastKnownFileType = sourcecode.swift; path = UpNavView.swift; sourceTree = "<group>"; };
		A6581E8229FE2370004D03B6 /* SearchbarView.swift */ = {isa = PBXFileReference; lastKnownFileType = sourcecode.swift; path = SearchbarView.swift; sourceTree = "<group>"; };
		A6581E8429FE2383004D03B6 /* ProfileView.swift */ = {isa = PBXFileReference; lastKnownFileType = sourcecode.swift; path = ProfileView.swift; sourceTree = "<group>"; };
		A6581E8629FE23AE004D03B6 /* TermDefinitionView.swift */ = {isa = PBXFileReference; lastKnownFileType = sourcecode.swift; path = TermDefinitionView.swift; sourceTree = "<group>"; };
		A6581F032A13007D004D03B6 /* Flashcard.swift */ = {isa = PBXFileReference; lastKnownFileType = sourcecode.swift; path = Flashcard.swift; sourceTree = "<group>"; };
		A6581F052A130093004D03B6 /* FlashCardView.swift */ = {isa = PBXFileReference; lastKnownFileType = sourcecode.swift; path = FlashCardView.swift; sourceTree = "<group>"; };
		A6581F092A1304E3004D03B6 /* FlashCardViewModel.swift */ = {isa = PBXFileReference; lastKnownFileType = sourcecode.swift; path = FlashCardViewModel.swift; sourceTree = "<group>"; };
		A6581F0B2A144EED004D03B6 /* FlashCardsView.swift */ = {isa = PBXFileReference; lastKnownFileType = sourcecode.swift; path = FlashCardsView.swift; sourceTree = "<group>"; };
/* End PBXFileReference section */

/* Begin PBXFrameworksBuildPhase section */
		A6581E3529FE2184004D03B6 /* Frameworks */ = {
			isa = PBXFrameworksBuildPhase;
			buildActionMask = 2147483647;
			files = (
			);
			runOnlyForDeploymentPostprocessing = 0;
		};
		A6581E4629FE2186004D03B6 /* Frameworks */ = {
			isa = PBXFrameworksBuildPhase;
			buildActionMask = 2147483647;
			files = (
			);
			runOnlyForDeploymentPostprocessing = 0;
		};
		A6581E5029FE2186004D03B6 /* Frameworks */ = {
			isa = PBXFrameworksBuildPhase;
			buildActionMask = 2147483647;
			files = (
			);
			runOnlyForDeploymentPostprocessing = 0;
		};
/* End PBXFrameworksBuildPhase section */

/* Begin PBXGroup section */
		A62F66F52A2F99B9002CFB99 /* Core data */ = {
			isa = PBXGroup;
			children = (
				A62F66FC2A2F9F9D002CFB99 /* CoreData.xcdatamodeld */,
				A62F66FF2A2FA004002CFB99 /* DataController.swift */,
			);
			path = "Core data";
			sourceTree = "<group>";
		};
		A6578E7D2A65F7010095F89B /* Sign up */ = {
			isa = PBXGroup;
			children = (
				A6578E7E2A65F70C0095F89B /* Sign Up.swift */,
			);
			path = "Sign up";
			sourceTree = "<group>";
		};
		A6581E2F29FE2184004D03B6 = {
			isa = PBXGroup;
			children = (
				A6578E792A6587980095F89B /* FlashCardData+CoreDataClass.swift */,
				A6578E7A2A6587980095F89B /* FlashCardData+CoreDataProperties.swift */,
				A6581E3A29FE2184004D03B6 /* Flashy_App */,
				A6581E4C29FE2186004D03B6 /* Flashy_AppTests */,
				A6581E5629FE2186004D03B6 /* Flashy_AppUITests */,
				A6581E3929FE2184004D03B6 /* Products */,
			);
			sourceTree = "<group>";
		};
		A6581E3929FE2184004D03B6 /* Products */ = {
			isa = PBXGroup;
			children = (
				A6581E3829FE2184004D03B6 /* Flashy_App.app */,
				A6581E4929FE2186004D03B6 /* Flashy_AppTests.xctest */,
				A6581E5329FE2186004D03B6 /* Flashy_AppUITests.xctest */,
			);
			name = Products;
			sourceTree = "<group>";
		};
		A6581E3A29FE2184004D03B6 /* Flashy_App */ = {
			isa = PBXGroup;
			children = (
				A6581E3B29FE2184004D03B6 /* Flashy_AppApp.swift */,
				A6581E3D29FE2184004D03B6 /* ContentView.swift */,
				A6581E6729FE21A2004D03B6 /* View Models */,
				A6581E6629FE2198004D03B6 /* Views */,
				A6581E3F29FE2186004D03B6 /* Assets.xcassets */,
				A6581E4129FE2186004D03B6 /* Flashy_App.entitlements */,
				A62F66F52A2F99B9002CFB99 /* Core data */,
				A6581E4229FE2186004D03B6 /* Preview Content */,
			);
			path = Flashy_App;
			sourceTree = "<group>";
		};
		A6581E4229FE2186004D03B6 /* Preview Content */ = {
			isa = PBXGroup;
			children = (
				A6581E4329FE2186004D03B6 /* Preview Assets.xcassets */,
			);
			path = "Preview Content";
			sourceTree = "<group>";
		};
		A6581E4C29FE2186004D03B6 /* Flashy_AppTests */ = {
			isa = PBXGroup;
			children = (
				A6581E4D29FE2186004D03B6 /* Flashy_AppTests.swift */,
			);
			path = Flashy_AppTests;
			sourceTree = "<group>";
		};
		A6581E5629FE2186004D03B6 /* Flashy_AppUITests */ = {
			isa = PBXGroup;
			children = (
				A6581E5729FE2186004D03B6 /* Flashy_AppUITests.swift */,
				A6581E5929FE2186004D03B6 /* Flashy_AppUITestsLaunchTests.swift */,
			);
			path = Flashy_AppUITests;
			sourceTree = "<group>";
		};
		A6581E6629FE2198004D03B6 /* Views */ = {
			isa = PBXGroup;
			children = (
				A6578E7D2A65F7010095F89B /* Sign up */,
				A6581E7F29FE22F8004D03B6 /* Dice */,
				A6581E7229FE224C004D03B6 /* Card */,
				A6581E6B29FE21F3004D03B6 /* HomeView */,
				A6581E8629FE23AE004D03B6 /* TermDefinitionView.swift */,
			);
			path = Views;
			sourceTree = "<group>";
		};
		A6581E6729FE21A2004D03B6 /* View Models */ = {
			isa = PBXGroup;
			children = (
				A6581E7029FE2237004D03B6 /* TermDefinitionViewModel.swift */,
			);
			path = "View Models";
			sourceTree = "<group>";
		};
		A6581E6B29FE21F3004D03B6 /* HomeView */ = {
			isa = PBXGroup;
			children = (
				A6581E6C29FE2206004D03B6 /* NewHomeView.swift */,
				A6581E7B29FE22C7004D03B6 /* CustomTabBar.swift */,
				A6581E8029FE2350004D03B6 /* UpNavView.swift */,
				A6581E8229FE2370004D03B6 /* SearchbarView.swift */,
				A6581E8429FE2383004D03B6 /* ProfileView.swift */,
			);
			path = HomeView;
			sourceTree = "<group>";
		};
		A6581E7229FE224C004D03B6 /* Card */ = {
			isa = PBXGroup;
			children = (
				A6581E7729FE228C004D03B6 /* BundleExtension.swift */,
				A6581F032A13007D004D03B6 /* Flashcard.swift */,
				A6581F052A130093004D03B6 /* FlashCardView.swift */,
				A6581F092A1304E3004D03B6 /* FlashCardViewModel.swift */,
				A6581F0B2A144EED004D03B6 /* FlashCardsView.swift */,
				A62F67612A5F0130002CFB99 /* SetView.swift */,
			);
			path = Card;
			sourceTree = "<group>";
		};
		A6581E7F29FE22F8004D03B6 /* Dice */ = {
			isa = PBXGroup;
			children = (
				A6581E7D29FE22EA004D03B6 /* DiceView.swift */,
			);
			path = Dice;
			sourceTree = "<group>";
		};
/* End PBXGroup section */

/* Begin PBXNativeTarget section */
		A6581E3729FE2184004D03B6 /* Flashy_App */ = {
			isa = PBXNativeTarget;
			buildConfigurationList = A6581E5D29FE2186004D03B6 /* Build configuration list for PBXNativeTarget "Flashy_App" */;
			buildPhases = (
				A6581E3429FE2184004D03B6 /* Sources */,
				A6581E3529FE2184004D03B6 /* Frameworks */,
				A6581E3629FE2184004D03B6 /* Resources */,
			);
			buildRules = (
			);
			dependencies = (
			);
			name = Flashy_App;
			productName = Flashy_App;
			productReference = A6581E3829FE2184004D03B6 /* Flashy_App.app */;
			productType = "com.apple.product-type.application";
		};
		A6581E4829FE2186004D03B6 /* Flashy_AppTests */ = {
			isa = PBXNativeTarget;
			buildConfigurationList = A6581E6029FE2186004D03B6 /* Build configuration list for PBXNativeTarget "Flashy_AppTests" */;
			buildPhases = (
				A6581E4529FE2186004D03B6 /* Sources */,
				A6581E4629FE2186004D03B6 /* Frameworks */,
				A6581E4729FE2186004D03B6 /* Resources */,
			);
			buildRules = (
			);
			dependencies = (
				A6581E4B29FE2186004D03B6 /* PBXTargetDependency */,
			);
			name = Flashy_AppTests;
			productName = Flashy_AppTests;
			productReference = A6581E4929FE2186004D03B6 /* Flashy_AppTests.xctest */;
			productType = "com.apple.product-type.bundle.unit-test";
		};
		A6581E5229FE2186004D03B6 /* Flashy_AppUITests */ = {
			isa = PBXNativeTarget;
			buildConfigurationList = A6581E6329FE2186004D03B6 /* Build configuration list for PBXNativeTarget "Flashy_AppUITests" */;
			buildPhases = (
				A6581E4F29FE2186004D03B6 /* Sources */,
				A6581E5029FE2186004D03B6 /* Frameworks */,
				A6581E5129FE2186004D03B6 /* Resources */,
			);
			buildRules = (
			);
			dependencies = (
				A6581E5529FE2186004D03B6 /* PBXTargetDependency */,
			);
			name = Flashy_AppUITests;
			productName = Flashy_AppUITests;
			productReference = A6581E5329FE2186004D03B6 /* Flashy_AppUITests.xctest */;
			productType = "com.apple.product-type.bundle.ui-testing";
		};
/* End PBXNativeTarget section */

/* Begin PBXProject section */
		A6581E3029FE2184004D03B6 /* Project object */ = {
			isa = PBXProject;
			attributes = {
				BuildIndependentTargetsInParallel = 1;
				LastSwiftUpdateCheck = 1420;
				LastUpgradeCheck = 1420;
				TargetAttributes = {
					A6581E3729FE2184004D03B6 = {
						CreatedOnToolsVersion = 14.2;
					};
					A6581E4829FE2186004D03B6 = {
						CreatedOnToolsVersion = 14.2;
						TestTargetID = A6581E3729FE2184004D03B6;
					};
					A6581E5229FE2186004D03B6 = {
						CreatedOnToolsVersion = 14.2;
						TestTargetID = A6581E3729FE2184004D03B6;
					};
				};
			};
			buildConfigurationList = A6581E3329FE2184004D03B6 /* Build configuration list for PBXProject "Flashy_App" */;
			compatibilityVersion = "Xcode 14.0";
			developmentRegion = en;
			hasScannedForEncodings = 0;
			knownRegions = (
				en,
				Base,
			);
			mainGroup = A6581E2F29FE2184004D03B6;
			productRefGroup = A6581E3929FE2184004D03B6 /* Products */;
			projectDirPath = "";
			projectRoot = "";
			targets = (
				A6581E3729FE2184004D03B6 /* Flashy_App */,
				A6581E4829FE2186004D03B6 /* Flashy_AppTests */,
				A6581E5229FE2186004D03B6 /* Flashy_AppUITests */,
			);
		};
/* End PBXProject section */

/* Begin PBXResourcesBuildPhase section */
		A6581E3629FE2184004D03B6 /* Resources */ = {
			isa = PBXResourcesBuildPhase;
			buildActionMask = 2147483647;
			files = (
				A6581E4429FE2186004D03B6 /* Preview Assets.xcassets in Resources */,
				A6581E4029FE2186004D03B6 /* Assets.xcassets in Resources */,
			);
			runOnlyForDeploymentPostprocessing = 0;
		};
		A6581E4729FE2186004D03B6 /* Resources */ = {
			isa = PBXResourcesBuildPhase;
			buildActionMask = 2147483647;
			files = (
			);
			runOnlyForDeploymentPostprocessing = 0;
		};
		A6581E5129FE2186004D03B6 /* Resources */ = {
			isa = PBXResourcesBuildPhase;
			buildActionMask = 2147483647;
			files = (
			);
			runOnlyForDeploymentPostprocessing = 0;
		};
/* End PBXResourcesBuildPhase section */

/* Begin PBXSourcesBuildPhase section */
		A6581E3429FE2184004D03B6 /* Sources */ = {
			isa = PBXSourcesBuildPhase;
			buildActionMask = 2147483647;
			files = (
				A6581E3E29FE2184004D03B6 /* ContentView.swift in Sources */,
				A6581E8329FE2370004D03B6 /* SearchbarView.swift in Sources */,
				A6578E7C2A6587980095F89B /* FlashCardData+CoreDataProperties.swift in Sources */,
				A62F66FE2A2F9F9D002CFB99 /* CoreData.xcdatamodeld in Sources */,
				A6578E7F2A65F70C0095F89B /* Sign Up.swift in Sources */,
				A6581F062A130093004D03B6 /* FlashCardView.swift in Sources */,
				A6581E3C29FE2184004D03B6 /* Flashy_AppApp.swift in Sources */,
				A6581E7E29FE22EA004D03B6 /* DiceView.swift in Sources */,
				A6581F0C2A144EED004D03B6 /* FlashCardsView.swift in Sources */,
				A6581E7129FE2237004D03B6 /* TermDefinitionViewModel.swift in Sources */,
				A62F67002A2FA004002CFB99 /* DataController.swift in Sources */,
				A6581F0A2A1304E3004D03B6 /* FlashCardViewModel.swift in Sources */,
				A6581F042A13007D004D03B6 /* Flashcard.swift in Sources */,
				A6581E7C29FE22C8004D03B6 /* CustomTabBar.swift in Sources */,
				A6581E6D29FE2207004D03B6 /* NewHomeView.swift in Sources */,
				A62F67622A5F0130002CFB99 /* SetView.swift in Sources */,
				A6581E7829FE228C004D03B6 /* BundleExtension.swift in Sources */,
				A6578E7B2A6587980095F89B /* FlashCardData+CoreDataClass.swift in Sources */,
				A6581E8729FE23AE004D03B6 /* TermDefinitionView.swift in Sources */,
				A6581E8529FE2383004D03B6 /* ProfileView.swift in Sources */,
				A6581E8129FE2350004D03B6 /* UpNavView.swift in Sources */,
			);
			runOnlyForDeploymentPostprocessing = 0;
		};
		A6581E4529FE2186004D03B6 /* Sources */ = {
			isa = PBXSourcesBuildPhase;
			buildActionMask = 2147483647;
			files = (
				A6581E4E29FE2186004D03B6 /* Flashy_AppTests.swift in Sources */,
			);
			runOnlyForDeploymentPostprocessing = 0;
		};
		A6581E4F29FE2186004D03B6 /* Sources */ = {
			isa = PBXSourcesBuildPhase;
			buildActionMask = 2147483647;
			files = (
				A6581E5829FE2186004D03B6 /* Flashy_AppUITests.swift in Sources */,
				A6581E5A29FE2186004D03B6 /* Flashy_AppUITestsLaunchTests.swift in Sources */,
			);
			runOnlyForDeploymentPostprocessing = 0;
		};
/* End PBXSourcesBuildPhase section */

/* Begin PBXTargetDependency section */
		A6581E4B29FE2186004D03B6 /* PBXTargetDependency */ = {
			isa = PBXTargetDependency;
			target = A6581E3729FE2184004D03B6 /* Flashy_App */;
			targetProxy = A6581E4A29FE2186004D03B6 /* PBXContainerItemProxy */;
		};
		A6581E5529FE2186004D03B6 /* PBXTargetDependency */ = {
			isa = PBXTargetDependency;
			target = A6581E3729FE2184004D03B6 /* Flashy_App */;
			targetProxy = A6581E5429FE2186004D03B6 /* PBXContainerItemProxy */;
		};
/* End PBXTargetDependency section */

/* Begin XCBuildConfiguration section */
		A6581E5B29FE2186004D03B6 /* Debug */ = {
			isa = XCBuildConfiguration;
			buildSettings = {
				ALWAYS_SEARCH_USER_PATHS = NO;
				CLANG_ANALYZER_NONNULL = YES;
				CLANG_ANALYZER_NUMBER_OBJECT_CONVERSION = YES_AGGRESSIVE;
				CLANG_CXX_LANGUAGE_STANDARD = "gnu++20";
				CLANG_ENABLE_MODULES = YES;
				CLANG_ENABLE_OBJC_ARC = YES;
				CLANG_ENABLE_OBJC_WEAK = YES;
				CLANG_WARN_BLOCK_CAPTURE_AUTORELEASING = YES;
				CLANG_WARN_BOOL_CONVERSION = YES;
				CLANG_WARN_COMMA = YES;
				CLANG_WARN_CONSTANT_CONVERSION = YES;
				CLANG_WARN_DEPRECATED_OBJC_IMPLEMENTATIONS = YES;
				CLANG_WARN_DIRECT_OBJC_ISA_USAGE = YES_ERROR;
				CLANG_WARN_DOCUMENTATION_COMMENTS = YES;
				CLANG_WARN_EMPTY_BODY = YES;
				CLANG_WARN_ENUM_CONVERSION = YES;
				CLANG_WARN_INFINITE_RECURSION = YES;
				CLANG_WARN_INT_CONVERSION = YES;
				CLANG_WARN_NON_LITERAL_NULL_CONVERSION = YES;
				CLANG_WARN_OBJC_IMPLICIT_RETAIN_SELF = YES;
				CLANG_WARN_OBJC_LITERAL_CONVERSION = YES;
				CLANG_WARN_OBJC_ROOT_CLASS = YES_ERROR;
				CLANG_WARN_QUOTED_INCLUDE_IN_FRAMEWORK_HEADER = YES;
				CLANG_WARN_RANGE_LOOP_ANALYSIS = YES;
				CLANG_WARN_STRICT_PROTOTYPES = YES;
				CLANG_WARN_SUSPICIOUS_MOVE = YES;
				CLANG_WARN_UNGUARDED_AVAILABILITY = YES_AGGRESSIVE;
				CLANG_WARN_UNREACHABLE_CODE = YES;
				CLANG_WARN__DUPLICATE_METHOD_MATCH = YES;
				COPY_PHASE_STRIP = NO;
				DEBUG_INFORMATION_FORMAT = dwarf;
				ENABLE_STRICT_OBJC_MSGSEND = YES;
				ENABLE_TESTABILITY = YES;
				GCC_C_LANGUAGE_STANDARD = gnu11;
				GCC_DYNAMIC_NO_PIC = NO;
				GCC_NO_COMMON_BLOCKS = YES;
				GCC_OPTIMIZATION_LEVEL = 0;
				GCC_PREPROCESSOR_DEFINITIONS = (
					"DEBUG=1",
					"$(inherited)",
				);
				GCC_WARN_64_TO_32_BIT_CONVERSION = YES;
				GCC_WARN_ABOUT_RETURN_TYPE = YES_ERROR;
				GCC_WARN_UNDECLARED_SELECTOR = YES;
				GCC_WARN_UNINITIALIZED_AUTOS = YES_AGGRESSIVE;
				GCC_WARN_UNUSED_FUNCTION = YES;
				GCC_WARN_UNUSED_VARIABLE = YES;
				MTL_ENABLE_DEBUG_INFO = INCLUDE_SOURCE;
				MTL_FAST_MATH = YES;
				ONLY_ACTIVE_ARCH = YES;
				SWIFT_ACTIVE_COMPILATION_CONDITIONS = DEBUG;
				SWIFT_OPTIMIZATION_LEVEL = "-Onone";
			};
			name = Debug;
		};
		A6581E5C29FE2186004D03B6 /* Release */ = {
			isa = XCBuildConfiguration;
			buildSettings = {
				ALWAYS_SEARCH_USER_PATHS = NO;
				CLANG_ANALYZER_NONNULL = YES;
				CLANG_ANALYZER_NUMBER_OBJECT_CONVERSION = YES_AGGRESSIVE;
				CLANG_CXX_LANGUAGE_STANDARD = "gnu++20";
				CLANG_ENABLE_MODULES = YES;
				CLANG_ENABLE_OBJC_ARC = YES;
				CLANG_ENABLE_OBJC_WEAK = YES;
				CLANG_WARN_BLOCK_CAPTURE_AUTORELEASING = YES;
				CLANG_WARN_BOOL_CONVERSION = YES;
				CLANG_WARN_COMMA = YES;
				CLANG_WARN_CONSTANT_CONVERSION = YES;
				CLANG_WARN_DEPRECATED_OBJC_IMPLEMENTATIONS = YES;
				CLANG_WARN_DIRECT_OBJC_ISA_USAGE = YES_ERROR;
				CLANG_WARN_DOCUMENTATION_COMMENTS = YES;
				CLANG_WARN_EMPTY_BODY = YES;
				CLANG_WARN_ENUM_CONVERSION = YES;
				CLANG_WARN_INFINITE_RECURSION = YES;
				CLANG_WARN_INT_CONVERSION = YES;
				CLANG_WARN_NON_LITERAL_NULL_CONVERSION = YES;
				CLANG_WARN_OBJC_IMPLICIT_RETAIN_SELF = YES;
				CLANG_WARN_OBJC_LITERAL_CONVERSION = YES;
				CLANG_WARN_OBJC_ROOT_CLASS = YES_ERROR;
				CLANG_WARN_QUOTED_INCLUDE_IN_FRAMEWORK_HEADER = YES;
				CLANG_WARN_RANGE_LOOP_ANALYSIS = YES;
				CLANG_WARN_STRICT_PROTOTYPES = YES;
				CLANG_WARN_SUSPICIOUS_MOVE = YES;
				CLANG_WARN_UNGUARDED_AVAILABILITY = YES_AGGRESSIVE;
				CLANG_WARN_UNREACHABLE_CODE = YES;
				CLANG_WARN__DUPLICATE_METHOD_MATCH = YES;
				COPY_PHASE_STRIP = NO;
				DEBUG_INFORMATION_FORMAT = "dwarf-with-dsym";
				ENABLE_NS_ASSERTIONS = NO;
				ENABLE_STRICT_OBJC_MSGSEND = YES;
				GCC_C_LANGUAGE_STANDARD = gnu11;
				GCC_NO_COMMON_BLOCKS = YES;
				GCC_WARN_64_TO_32_BIT_CONVERSION = YES;
				GCC_WARN_ABOUT_RETURN_TYPE = YES_ERROR;
				GCC_WARN_UNDECLARED_SELECTOR = YES;
				GCC_WARN_UNINITIALIZED_AUTOS = YES_AGGRESSIVE;
				GCC_WARN_UNUSED_FUNCTION = YES;
				GCC_WARN_UNUSED_VARIABLE = YES;
				MTL_ENABLE_DEBUG_INFO = NO;
				MTL_FAST_MATH = YES;
				SWIFT_COMPILATION_MODE = wholemodule;
				SWIFT_OPTIMIZATION_LEVEL = "-O";
			};
			name = Release;
		};
		A6581E5E29FE2186004D03B6 /* Debug */ = {
			isa = XCBuildConfiguration;
			buildSettings = {
				ASSETCATALOG_COMPILER_APPICON_NAME = AppIcon;
				ASSETCATALOG_COMPILER_GLOBAL_ACCENT_COLOR_NAME = AccentColor;
				CODE_SIGN_ENTITLEMENTS = Flashy_App/Flashy_App.entitlements;
				CODE_SIGN_STYLE = Automatic;
				CURRENT_PROJECT_VERSION = 1;
				DEVELOPMENT_ASSET_PATHS = "\"Flashy_App/Preview Content\"";
				DEVELOPMENT_TEAM = C6MQF4GRQ5;
				ENABLE_HARDENED_RUNTIME = YES;
				ENABLE_PREVIEWS = YES;
				GENERATE_INFOPLIST_FILE = YES;
				"INFOPLIST_KEY_UIApplicationSceneManifest_Generation[sdk=iphoneos*]" = YES;
				"INFOPLIST_KEY_UIApplicationSceneManifest_Generation[sdk=iphonesimulator*]" = YES;
				"INFOPLIST_KEY_UIApplicationSupportsIndirectInputEvents[sdk=iphoneos*]" = YES;
				"INFOPLIST_KEY_UIApplicationSupportsIndirectInputEvents[sdk=iphonesimulator*]" = YES;
				"INFOPLIST_KEY_UILaunchScreen_Generation[sdk=iphoneos*]" = YES;
				"INFOPLIST_KEY_UILaunchScreen_Generation[sdk=iphonesimulator*]" = YES;
				"INFOPLIST_KEY_UIStatusBarStyle[sdk=iphoneos*]" = UIStatusBarStyleDefault;
				"INFOPLIST_KEY_UIStatusBarStyle[sdk=iphonesimulator*]" = UIStatusBarStyleDefault;
				INFOPLIST_KEY_UISupportedInterfaceOrientations_iPad = "UIInterfaceOrientationPortrait UIInterfaceOrientationPortraitUpsideDown UIInterfaceOrientationLandscapeLeft UIInterfaceOrientationLandscapeRight";
				INFOPLIST_KEY_UISupportedInterfaceOrientations_iPhone = "UIInterfaceOrientationPortrait UIInterfaceOrientationLandscapeLeft UIInterfaceOrientationLandscapeRight";
				IPHONEOS_DEPLOYMENT_TARGET = 16.2;
				LD_RUNPATH_SEARCH_PATHS = "@executable_path/Frameworks";
				"LD_RUNPATH_SEARCH_PATHS[sdk=macosx*]" = "@executable_path/../Frameworks";
				MACOSX_DEPLOYMENT_TARGET = 13.0;
				MARKETING_VERSION = 1.0;
				PRODUCT_BUNDLE_IDENTIFIER = "com.tsemkich.Flashy-App";
				PRODUCT_NAME = "$(TARGET_NAME)";
				SDKROOT = auto;
				SUPPORTED_PLATFORMS = "iphoneos iphonesimulator macosx";
				SWIFT_EMIT_LOC_STRINGS = YES;
				SWIFT_VERSION = 5.0;
				TARGETED_DEVICE_FAMILY = "1,2";
			};
			name = Debug;
		};
		A6581E5F29FE2186004D03B6 /* Release */ = {
			isa = XCBuildConfiguration;
			buildSettings = {
				ASSETCATALOG_COMPILER_APPICON_NAME = AppIcon;
				ASSETCATALOG_COMPILER_GLOBAL_ACCENT_COLOR_NAME = AccentColor;
				CODE_SIGN_ENTITLEMENTS = Flashy_App/Flashy_App.entitlements;
				CODE_SIGN_STYLE = Automatic;
				CURRENT_PROJECT_VERSION = 1;
				DEVELOPMENT_ASSET_PATHS = "\"Flashy_App/Preview Content\"";
				DEVELOPMENT_TEAM = C6MQF4GRQ5;
				ENABLE_HARDENED_RUNTIME = YES;
				ENABLE_PREVIEWS = YES;
				GENERATE_INFOPLIST_FILE = YES;
				"INFOPLIST_KEY_UIApplicationSceneManifest_Generation[sdk=iphoneos*]" = YES;
				"INFOPLIST_KEY_UIApplicationSceneManifest_Generation[sdk=iphonesimulator*]" = YES;
				"INFOPLIST_KEY_UIApplicationSupportsIndirectInputEvents[sdk=iphoneos*]" = YES;
				"INFOPLIST_KEY_UIApplicationSupportsIndirectInputEvents[sdk=iphonesimulator*]" = YES;
				"INFOPLIST_KEY_UILaunchScreen_Generation[sdk=iphoneos*]" = YES;
				"INFOPLIST_KEY_UILaunchScreen_Generation[sdk=iphonesimulator*]" = YES;
				"INFOPLIST_KEY_UIStatusBarStyle[sdk=iphoneos*]" = UIStatusBarStyleDefault;
				"INFOPLIST_KEY_UIStatusBarStyle[sdk=iphonesimulator*]" = UIStatusBarStyleDefault;
				INFOPLIST_KEY_UISupportedInterfaceOrientations_iPad = "UIInterfaceOrientationPortrait UIInterfaceOrientationPortraitUpsideDown UIInterfaceOrientationLandscapeLeft UIInterfaceOrientationLandscapeRight";
				INFOPLIST_KEY_UISupportedInterfaceOrientations_iPhone = "UIInterfaceOrientationPortrait UIInterfaceOrientationLandscapeLeft UIInterfaceOrientationLandscapeRight";
				IPHONEOS_DEPLOYMENT_TARGET = 16.2;
				LD_RUNPATH_SEARCH_PATHS = "@executable_path/Frameworks";
				"LD_RUNPATH_SEARCH_PATHS[sdk=macosx*]" = "@executable_path/../Frameworks";
				MACOSX_DEPLOYMENT_TARGET = 13.0;
				MARKETING_VERSION = 1.0;
				PRODUCT_BUNDLE_IDENTIFIER = "com.tsemkich.Flashy-App";
				PRODUCT_NAME = "$(TARGET_NAME)";
				SDKROOT = auto;
				SUPPORTED_PLATFORMS = "iphoneos iphonesimulator macosx";
				SWIFT_EMIT_LOC_STRINGS = YES;
				SWIFT_VERSION = 5.0;
				TARGETED_DEVICE_FAMILY = "1,2";
			};
			name = Release;
		};
		A6581E6129FE2186004D03B6 /* Debug */ = {
			isa = XCBuildConfiguration;
			buildSettings = {
				ALWAYS_EMBED_SWIFT_STANDARD_LIBRARIES = YES;
				BUNDLE_LOADER = "$(TEST_HOST)";
				CODE_SIGN_STYLE = Automatic;
				CURRENT_PROJECT_VERSION = 1;
				DEVELOPMENT_TEAM = C6MQF4GRQ5;
				GENERATE_INFOPLIST_FILE = YES;
				IPHONEOS_DEPLOYMENT_TARGET = 16.2;
				MACOSX_DEPLOYMENT_TARGET = 13.0;
				MARKETING_VERSION = 1.0;
				PRODUCT_BUNDLE_IDENTIFIER = "com.tsemkich.Flashy-AppTests";
				PRODUCT_NAME = "$(TARGET_NAME)";
				SDKROOT = auto;
				SUPPORTED_PLATFORMS = "iphoneos iphonesimulator macosx";
				SWIFT_EMIT_LOC_STRINGS = NO;
				SWIFT_VERSION = 5.0;
				TARGETED_DEVICE_FAMILY = "1,2";
				TEST_HOST = "$(BUILT_PRODUCTS_DIR)/Flashy_App.app/$(BUNDLE_EXECUTABLE_FOLDER_PATH)/Flashy_App";
			};
			name = Debug;
		};
		A6581E6229FE2186004D03B6 /* Release */ = {
			isa = XCBuildConfiguration;
			buildSettings = {
				ALWAYS_EMBED_SWIFT_STANDARD_LIBRARIES = YES;
				BUNDLE_LOADER = "$(TEST_HOST)";
				CODE_SIGN_STYLE = Automatic;
				CURRENT_PROJECT_VERSION = 1;
				DEVELOPMENT_TEAM = C6MQF4GRQ5;
				GENERATE_INFOPLIST_FILE = YES;
				IPHONEOS_DEPLOYMENT_TARGET = 16.2;
				MACOSX_DEPLOYMENT_TARGET = 13.0;
				MARKETING_VERSION = 1.0;
				PRODUCT_BUNDLE_IDENTIFIER = "com.tsemkich.Flashy-AppTests";
				PRODUCT_NAME = "$(TARGET_NAME)";
				SDKROOT = auto;
				SUPPORTED_PLATFORMS = "iphoneos iphonesimulator macosx";
				SWIFT_EMIT_LOC_STRINGS = NO;
				SWIFT_VERSION = 5.0;
				TARGETED_DEVICE_FAMILY = "1,2";
				TEST_HOST = "$(BUILT_PRODUCTS_DIR)/Flashy_App.app/$(BUNDLE_EXECUTABLE_FOLDER_PATH)/Flashy_App";
			};
			name = Release;
		};
		A6581E6429FE2186004D03B6 /* Debug */ = {
			isa = XCBuildConfiguration;
			buildSettings = {
				ALWAYS_EMBED_SWIFT_STANDARD_LIBRARIES = YES;
				CODE_SIGN_STYLE = Automatic;
				CURRENT_PROJECT_VERSION = 1;
				DEVELOPMENT_TEAM = C6MQF4GRQ5;
				GENERATE_INFOPLIST_FILE = YES;
				IPHONEOS_DEPLOYMENT_TARGET = 16.2;
				MACOSX_DEPLOYMENT_TARGET = 13.0;
				MARKETING_VERSION = 1.0;
				PRODUCT_BUNDLE_IDENTIFIER = "com.tsemkich.Flashy-AppUITests";
				PRODUCT_NAME = "$(TARGET_NAME)";
				SDKROOT = auto;
				SUPPORTED_PLATFORMS = "iphoneos iphonesimulator macosx";
				SWIFT_EMIT_LOC_STRINGS = NO;
				SWIFT_VERSION = 5.0;
				TARGETED_DEVICE_FAMILY = "1,2";
				TEST_TARGET_NAME = Flashy_App;
			};
			name = Debug;
		};
		A6581E6529FE2186004D03B6 /* Release */ = {
			isa = XCBuildConfiguration;
			buildSettings = {
				ALWAYS_EMBED_SWIFT_STANDARD_LIBRARIES = YES;
				CODE_SIGN_STYLE = Automatic;
				CURRENT_PROJECT_VERSION = 1;
				DEVELOPMENT_TEAM = C6MQF4GRQ5;
				GENERATE_INFOPLIST_FILE = YES;
				IPHONEOS_DEPLOYMENT_TARGET = 16.2;
				MACOSX_DEPLOYMENT_TARGET = 13.0;
				MARKETING_VERSION = 1.0;
				PRODUCT_BUNDLE_IDENTIFIER = "com.tsemkich.Flashy-AppUITests";
				PRODUCT_NAME = "$(TARGET_NAME)";
				SDKROOT = auto;
				SUPPORTED_PLATFORMS = "iphoneos iphonesimulator macosx";
				SWIFT_EMIT_LOC_STRINGS = NO;
				SWIFT_VERSION = 5.0;
				TARGETED_DEVICE_FAMILY = "1,2";
				TEST_TARGET_NAME = Flashy_App;
			};
			name = Release;
		};
/* End XCBuildConfiguration section */

/* Begin XCConfigurationList section */
		A6581E3329FE2184004D03B6 /* Build configuration list for PBXProject "Flashy_App" */ = {
			isa = XCConfigurationList;
			buildConfigurations = (
				A6581E5B29FE2186004D03B6 /* Debug */,
				A6581E5C29FE2186004D03B6 /* Release */,
			);
			defaultConfigurationIsVisible = 0;
			defaultConfigurationName = Release;
		};
		A6581E5D29FE2186004D03B6 /* Build configuration list for PBXNativeTarget "Flashy_App" */ = {
			isa = XCConfigurationList;
			buildConfigurations = (
				A6581E5E29FE2186004D03B6 /* Debug */,
				A6581E5F29FE2186004D03B6 /* Release */,
			);
			defaultConfigurationIsVisible = 0;
			defaultConfigurationName = Release;
		};
		A6581E6029FE2186004D03B6 /* Build configuration list for PBXNativeTarget "Flashy_AppTests" */ = {
			isa = XCConfigurationList;
			buildConfigurations = (
				A6581E6129FE2186004D03B6 /* Debug */,
				A6581E6229FE2186004D03B6 /* Release */,
			);
			defaultConfigurationIsVisible = 0;
			defaultConfigurationName = Release;
		};
		A6581E6329FE2186004D03B6 /* Build configuration list for PBXNativeTarget "Flashy_AppUITests" */ = {
			isa = XCConfigurationList;
			buildConfigurations = (
				A6581E6429FE2186004D03B6 /* Debug */,
				A6581E6529FE2186004D03B6 /* Release */,
			);
			defaultConfigurationIsVisible = 0;
			defaultConfigurationName = Release;
		};
/* End XCConfigurationList section */

/* Begin XCVersionGroup section */
		A62F66FC2A2F9F9D002CFB99 /* CoreData.xcdatamodeld */ = {
			isa = XCVersionGroup;
			children = (
				A62F66FD2A2F9F9D002CFB99 /* CoreData.xcdatamodel */,
			);
			currentVersion = A62F66FD2A2F9F9D002CFB99 /* CoreData.xcdatamodel */;
			path = CoreData.xcdatamodeld;
			sourceTree = "<group>";
			versionGroupType = wrapper.xcdatamodel;
		};
/* End XCVersionGroup section */
	};
	rootObject = A6581E3029FE2184004D03B6 /* Project object */;
}
